
Microsoft Visual Studio Solution File, Format Version 12.00
# Visual Studio 15
VisualStudioVersion = 15.0.26730.10
MinimumVisualStudioVersion = 10.0.40219.1
Project("{9A19103F-16F7-4668-BE54-9A1E7A4F7556}") = "ShoeStore.ProductsApi", "ShoeStore.ProductsApi\ShoeStore.ProductsApi.csproj", "{08D289A3-0D56-447B-B69D-28927F762B96}"
EndProject
Project("{9A19103F-16F7-4668-BE54-9A1E7A4F7556}") = "ShoeStore.Products.Domain", "ShoeStore.Products.Domain\ShoeStore.Products.Domain.csproj", "{F63D14BC-56C5-4784-8763-9C2A2D59F674}"
EndProject
Project("{FAE04EC0-301F-11D3-BF4B-00C04F79EFBC}") = "ShoeStore.Products.Infrastructure.Data", "ShoeStore.Products.Infrastructure.Data\ShoeStore.Products.Infrastructure.Data.csproj", "{2F270077-AAE2-4E67-AC0B-4829F547BACA}"
EndProject
Global
	GlobalSection(SolutionConfigurationPlatforms) = preSolution
		Debug|Any CPU = Debug|Any CPU
		Release|Any CPU = Release|Any CPU
	EndGlobalSection
	GlobalSection(ProjectConfigurationPlatforms) = postSolution
		{08D289A3-0D56-447B-B69D-28927F762B96}.Debug|Any CPU.ActiveCfg = Debug|Any CPU
		{08D289A3-0D56-447B-B69D-28927F762B96}.Debug|Any CPU.Build.0 = Debug|Any CPU
		{08D289A3-0D56-447B-B69D-28927F762B96}.Release|Any CPU.ActiveCfg = Release|Any CPU
		{08D289A3-0D56-447B-B69D-28927F762B96}.Release|Any CPU.Build.0 = Release|Any CPU
		{F63D14BC-56C5-4784-8763-9C2A2D59F674}.Debug|Any CPU.ActiveCfg = Debug|Any CPU
		{F63D14BC-56C5-4784-8763-9C2A2D59F674}.Debug|Any CPU.Build.0 = Debug|Any CPU
		{F63D14BC-56C5-4784-8763-9C2A2D59F674}.Release|Any CPU.ActiveCfg = Release|Any CPU
		{F63D14BC-56C5-4784-8763-9C2A2D59F674}.Release|Any CPU.Build.0 = Release|Any CPU
		{2F270077-AAE2-4E67-AC0B-4829F547BACA}.Debug|Any CPU.ActiveCfg = Debug|Any CPU
		{2F270077-AAE2-4E67-AC0B-4829F547BACA}.Debug|Any CPU.Build.0 = Debug|Any CPU
		{2F270077-AAE2-4E67-AC0B-4829F547BACA}.Release|Any CPU.ActiveCfg = Release|Any CPU
		{2F270077-AAE2-4E67-AC0B-4829F547BACA}.Release|Any CPU.Build.0 = Release|Any CPU
	EndGlobalSection
	GlobalSection(SolutionProperties) = preSolution
		HideSolutionNode = FALSE
	EndGlobalSection
	GlobalSection(ExtensibilityGlobals) = postSolution
		SolutionGuid = {73D9326D-8F95-44DB-9178-EDF5AF9AA7D3}
	EndGlobalSection
EndGlobal
