
Microsoft Visual Studio Solution File, Format Version 12.00
# Visual Studio 15
VisualStudioVersion = 15.0.26730.10
MinimumVisualStudioVersion = 10.0.40219.1
Project("{FAE04EC0-301F-11D3-BF4B-00C04F79EFBC}") = "ShoeStore.Backend", "ShoeStore.Backend\ShoeStore.Backend.csproj", "{273E1B54-FE30-4C33-AED0-C676790ACAF7}"
EndProject
Project("{FAE04EC0-301F-11D3-BF4B-00C04F79EFBC}") = "ShoeStore.Backend.Tests", "ShoeStore.Backend.Tests\ShoeStore.Backend.Tests.csproj", "{E82719AD-2E56-4629-A0BA-CBC5372979C4}"
EndProject
Global
	GlobalSection(SolutionConfigurationPlatforms) = preSolution
		Debug|Any CPU = Debug|Any CPU
		Release|Any CPU = Release|Any CPU
	EndGlobalSection
	GlobalSection(ProjectConfigurationPlatforms) = postSolution
		{273E1B54-FE30-4C33-AED0-C676790ACAF7}.Debug|Any CPU.ActiveCfg = Debug|Any CPU
		{273E1B54-FE30-4C33-AED0-C676790ACAF7}.Debug|Any CPU.Build.0 = Debug|Any CPU
		{273E1B54-FE30-4C33-AED0-C676790ACAF7}.Release|Any CPU.ActiveCfg = Release|Any CPU
		{273E1B54-FE30-4C33-AED0-C676790ACAF7}.Release|Any CPU.Build.0 = Release|Any CPU
		{E82719AD-2E56-4629-A0BA-CBC5372979C4}.Debug|Any CPU.ActiveCfg = Debug|Any CPU
		{E82719AD-2E56-4629-A0BA-CBC5372979C4}.Debug|Any CPU.Build.0 = Debug|Any CPU
		{E82719AD-2E56-4629-A0BA-CBC5372979C4}.Release|Any CPU.ActiveCfg = Release|Any CPU
		{E82719AD-2E56-4629-A0BA-CBC5372979C4}.Release|Any CPU.Build.0 = Release|Any CPU
	EndGlobalSection
	GlobalSection(SolutionProperties) = preSolution
		HideSolutionNode = FALSE
	EndGlobalSection
	GlobalSection(ExtensibilityGlobals) = postSolution
		SolutionGuid = {7317B430-3127-445F-B882-A6EAFF97DD39}
	EndGlobalSection
EndGlobal
