
Microsoft Visual Studio Solution File, Format Version 12.00
# Visual Studio 15
VisualStudioVersion = 15.0.26730.10
MinimumVisualStudioVersion = 10.0.40219.1
Project("{FAE04EC0-301F-11D3-BF4B-00C04F79EFBC}") = "ShoeStore.Frontend", "ShoeStore.Frontend\ShoeStore.Frontend.csproj", "{6210BC97-7FA5-47C2-94FA-2645B4616246}"
EndProject
Project("{FAE04EC0-301F-11D3-BF4B-00C04F79EFBC}") = "ShoeStore.Frontend.Tests", "ShoeStore.Frontend.Tests\ShoeStore.Frontend.Tests.csproj", "{93AE05FE-0EB4-4E90-B671-69CEA676B591}"
EndProject
Global
	GlobalSection(SolutionConfigurationPlatforms) = preSolution
		Debug|Any CPU = Debug|Any CPU
		Release|Any CPU = Release|Any CPU
	EndGlobalSection
	GlobalSection(ProjectConfigurationPlatforms) = postSolution
		{6210BC97-7FA5-47C2-94FA-2645B4616246}.Debug|Any CPU.ActiveCfg = Debug|Any CPU
		{6210BC97-7FA5-47C2-94FA-2645B4616246}.Debug|Any CPU.Build.0 = Debug|Any CPU
		{6210BC97-7FA5-47C2-94FA-2645B4616246}.Release|Any CPU.ActiveCfg = Release|Any CPU
		{6210BC97-7FA5-47C2-94FA-2645B4616246}.Release|Any CPU.Build.0 = Release|Any CPU
		{93AE05FE-0EB4-4E90-B671-69CEA676B591}.Debug|Any CPU.ActiveCfg = Debug|Any CPU
		{93AE05FE-0EB4-4E90-B671-69CEA676B591}.Debug|Any CPU.Build.0 = Debug|Any CPU
		{93AE05FE-0EB4-4E90-B671-69CEA676B591}.Release|Any CPU.ActiveCfg = Release|Any CPU
		{93AE05FE-0EB4-4E90-B671-69CEA676B591}.Release|Any CPU.Build.0 = Release|Any CPU
	EndGlobalSection
	GlobalSection(SolutionProperties) = preSolution
		HideSolutionNode = FALSE
	EndGlobalSection
	GlobalSection(ExtensibilityGlobals) = postSolution
		SolutionGuid = {8861C8BF-54B0-4697-A51A-BACBFBAC6E84}
	EndGlobalSection
EndGlobal
